
Microsoft Visual Studio Solution File, Format Version 12.00
# Visual Studio Version 17
VisualStudioVersion = 17.2.32519.379
MinimumVisualStudioVersion = 10.0.40219.1
Project("{2150E333-8FDC-42A3-9474-1A3956D46DE8}") = "1- Apresentacao", "1- Apresentacao", "{C612071A-3BCA-4B0E-8662-3C86CCA7AD29}"
EndProject
Project("{2150E333-8FDC-42A3-9474-1A3956D46DE8}") = "2- Dominio", "2- Dominio", "{B9101D9D-5F1B-4FEF-A211-C850FDA40C22}"
EndProject
Project("{2150E333-8FDC-42A3-9474-1A3956D46DE8}") = "3- Infra", "3- Infra", "{72DEBEA7-2F47-41D7-BC9E-61D9FC9B8DBC}"
EndProject
Project("{2150E333-8FDC-42A3-9474-1A3956D46DE8}") = "4- TestesIntegracao", "4- TestesIntegracao", "{521912D6-9F53-4826-9051-91036A33F43A}"
EndProject
Project("{9A19103F-16F7-4668-BE54-9A1E7A4F7556}") = "LocadoraVeiculos.Dominio", "LocadoraVeiculos.Dominio\LocadoraVeiculos.Dominio.csproj", "{80EB1B43-E4FC-4F9C-A67E-AB59A06BA4A0}"
EndProject
Project("{9A19103F-16F7-4668-BE54-9A1E7A4F7556}") = "LocadoraVeiculos.BancoDados", "LocadoraVeiculos.BancoDados\LocadoraVeiculos.BancoDados.csproj", "{107C183F-E754-4D2F-8E39-CC4E0124EAA8}"
EndProject
Project("{9A19103F-16F7-4668-BE54-9A1E7A4F7556}") = "LocadoraVeiculos.Infra.BancoDados.TestesIntegracao", "LocadoraVeiculos.Infra.BancoDados.TestesIntegracao\LocadoraVeiculos.Infra.BancoDados.TestesIntegracao.csproj", "{7C27ECE8-A215-4DB5-80CF-94680BA93F19}"
EndProject
Project("{9A19103F-16F7-4668-BE54-9A1E7A4F7556}") = "LocadoraVeiculosForm", "LocadoraVeiculosForm\LocadoraVeiculosForm.csproj", "{AD1438CE-CF7D-413C-AE3A-EA8A24BBAF81}"
EndProject
Global
	GlobalSection(SolutionConfigurationPlatforms) = preSolution
		Debug|Any CPU = Debug|Any CPU
		Release|Any CPU = Release|Any CPU
	EndGlobalSection
	GlobalSection(ProjectConfigurationPlatforms) = postSolution
		{80EB1B43-E4FC-4F9C-A67E-AB59A06BA4A0}.Debug|Any CPU.ActiveCfg = Debug|Any CPU
		{80EB1B43-E4FC-4F9C-A67E-AB59A06BA4A0}.Debug|Any CPU.Build.0 = Debug|Any CPU
		{80EB1B43-E4FC-4F9C-A67E-AB59A06BA4A0}.Release|Any CPU.ActiveCfg = Release|Any CPU
		{80EB1B43-E4FC-4F9C-A67E-AB59A06BA4A0}.Release|Any CPU.Build.0 = Release|Any CPU
		{107C183F-E754-4D2F-8E39-CC4E0124EAA8}.Debug|Any CPU.ActiveCfg = Debug|Any CPU
		{107C183F-E754-4D2F-8E39-CC4E0124EAA8}.Debug|Any CPU.Build.0 = Debug|Any CPU
		{107C183F-E754-4D2F-8E39-CC4E0124EAA8}.Release|Any CPU.ActiveCfg = Release|Any CPU
		{107C183F-E754-4D2F-8E39-CC4E0124EAA8}.Release|Any CPU.Build.0 = Release|Any CPU
		{7C27ECE8-A215-4DB5-80CF-94680BA93F19}.Debug|Any CPU.ActiveCfg = Debug|Any CPU
		{7C27ECE8-A215-4DB5-80CF-94680BA93F19}.Debug|Any CPU.Build.0 = Debug|Any CPU
		{7C27ECE8-A215-4DB5-80CF-94680BA93F19}.Release|Any CPU.ActiveCfg = Release|Any CPU
		{7C27ECE8-A215-4DB5-80CF-94680BA93F19}.Release|Any CPU.Build.0 = Release|Any CPU
		{AD1438CE-CF7D-413C-AE3A-EA8A24BBAF81}.Debug|Any CPU.ActiveCfg = Debug|Any CPU
		{AD1438CE-CF7D-413C-AE3A-EA8A24BBAF81}.Debug|Any CPU.Build.0 = Debug|Any CPU
		{AD1438CE-CF7D-413C-AE3A-EA8A24BBAF81}.Release|Any CPU.ActiveCfg = Release|Any CPU
		{AD1438CE-CF7D-413C-AE3A-EA8A24BBAF81}.Release|Any CPU.Build.0 = Release|Any CPU
	EndGlobalSection
	GlobalSection(SolutionProperties) = preSolution
		HideSolutionNode = FALSE
	EndGlobalSection
	GlobalSection(NestedProjects) = preSolution
		{80EB1B43-E4FC-4F9C-A67E-AB59A06BA4A0} = {B9101D9D-5F1B-4FEF-A211-C850FDA40C22}
		{107C183F-E754-4D2F-8E39-CC4E0124EAA8} = {72DEBEA7-2F47-41D7-BC9E-61D9FC9B8DBC}
		{7C27ECE8-A215-4DB5-80CF-94680BA93F19} = {521912D6-9F53-4826-9051-91036A33F43A}
		{AD1438CE-CF7D-413C-AE3A-EA8A24BBAF81} = {C612071A-3BCA-4B0E-8662-3C86CCA7AD29}
	EndGlobalSection
	GlobalSection(ExtensibilityGlobals) = postSolution
		SolutionGuid = {ED9A4A41-EB3C-44C6-B76B-61A5AAEBE41F}
	EndGlobalSection
EndGlobal
