
Microsoft Visual Studio Solution File, Format Version 12.00
# Visual Studio Version 17
VisualStudioVersion = 17.2.32519.379
MinimumVisualStudioVersion = 10.0.40219.1
Project("{2150E333-8FDC-42A3-9474-1A3956D46DE8}") = "1- Apresentacao", "1- Apresentacao", "{C612071A-3BCA-4B0E-8662-3C86CCA7AD29}"
EndProject
Project("{FAE04EC0-301F-11D3-BF4B-00C04F79EFBC}") = "TelaPrincipalForm", "TelaPrincipalForm\TelaPrincipalForm.csproj", "{71DBFCEC-3203-4BB4-B4B8-A94F18C675F0}"
EndProject
Global
	GlobalSection(SolutionConfigurationPlatforms) = preSolution
		Debug|Any CPU = Debug|Any CPU
		Release|Any CPU = Release|Any CPU
	EndGlobalSection
	GlobalSection(ProjectConfigurationPlatforms) = postSolution
		{71DBFCEC-3203-4BB4-B4B8-A94F18C675F0}.Debug|Any CPU.ActiveCfg = Debug|Any CPU
		{71DBFCEC-3203-4BB4-B4B8-A94F18C675F0}.Debug|Any CPU.Build.0 = Debug|Any CPU
		{71DBFCEC-3203-4BB4-B4B8-A94F18C675F0}.Release|Any CPU.ActiveCfg = Release|Any CPU
		{71DBFCEC-3203-4BB4-B4B8-A94F18C675F0}.Release|Any CPU.Build.0 = Release|Any CPU
	EndGlobalSection
	GlobalSection(SolutionProperties) = preSolution
		HideSolutionNode = FALSE
	EndGlobalSection
	GlobalSection(NestedProjects) = preSolution
		{71DBFCEC-3203-4BB4-B4B8-A94F18C675F0} = {C612071A-3BCA-4B0E-8662-3C86CCA7AD29}
	EndGlobalSection
	GlobalSection(ExtensibilityGlobals) = postSolution
		SolutionGuid = {ED9A4A41-EB3C-44C6-B76B-61A5AAEBE41F}
	EndGlobalSection
EndGlobal
