
Microsoft Visual Studio Solution File, Format Version 12.00
# Visual Studio Version 17
VisualStudioVersion = 17.2.32519.379
MinimumVisualStudioVersion = 10.0.40219.1
Project("{2150E333-8FDC-42A3-9474-1A3956D46DE8}") = "1- Apresentacao", "1- Apresentacao", "{C612071A-3BCA-4B0E-8662-3C86CCA7AD29}"
EndProject
Project("{2150E333-8FDC-42A3-9474-1A3956D46DE8}") = "3- Dominio", "3- Dominio", "{B9101D9D-5F1B-4FEF-A211-C850FDA40C22}"
EndProject
Project("{2150E333-8FDC-42A3-9474-1A3956D46DE8}") = "4- Infra", "4- Infra", "{72DEBEA7-2F47-41D7-BC9E-61D9FC9B8DBC}"
EndProject
Project("{2150E333-8FDC-42A3-9474-1A3956D46DE8}") = "5- Testes", "5- Testes", "{521912D6-9F53-4826-9051-91036A33F43A}"
EndProject
Project("{9A19103F-16F7-4668-BE54-9A1E7A4F7556}") = "LocadoraVeiculos.Dominio", "LocadoraVeiculos.Dominio\LocadoraVeiculos.Dominio.csproj", "{80EB1B43-E4FC-4F9C-A67E-AB59A06BA4A0}"
EndProject
Project("{9A19103F-16F7-4668-BE54-9A1E7A4F7556}") = "LocadoraVeiculos.BancoDados", "LocadoraVeiculos.BancoDados\LocadoraVeiculos.BancoDados.csproj", "{107C183F-E754-4D2F-8E39-CC4E0124EAA8}"
EndProject
Project("{9A19103F-16F7-4668-BE54-9A1E7A4F7556}") = "LocadoraVeiculos.Infra.BancoDados.TestesIntegracao", "LocadoraVeiculos.Infra.BancoDados.TestesIntegracao\LocadoraVeiculos.Infra.BancoDados.TestesIntegracao.csproj", "{7C27ECE8-A215-4DB5-80CF-94680BA93F19}"
EndProject
Project("{9A19103F-16F7-4668-BE54-9A1E7A4F7556}") = "LocadoraVeiculosForm", "WinFormsApp1\LocadoraVeiculosForm.csproj", "{AD1438CE-CF7D-413C-AE3A-EA8A24BBAF81}"
EndProject
Project("{00D1A9C2-B5F0-4AF3-8072-F6C62B433612}") = "LocadoraVeiculos.DataBase.SqlServer", "LocadoraVeiculos.DataBase.SqlServer\LocadoraVeiculos.DataBase.SqlServer.sqlproj", "{5B67449E-63A3-4B35-BDEB-59257C4972AC}"
EndProject
Project("{2150E333-8FDC-42A3-9474-1A3956D46DE8}") = "2 - Aplicação", "2 - Aplicação", "{387240EA-B63F-4065-8EE1-8CC3A00B74E3}"
EndProject
Project("{9A19103F-16F7-4668-BE54-9A1E7A4F7556}") = "LocadoraVeiculos.Aplicacao", "LocadoraVeiculos.Aplicacao\LocadoraVeiculos.Aplicacao.csproj", "{528923B6-287C-43D9-BDC5-91C86CD0E133}"
EndProject
Project("{00D1A9C2-B5F0-4AF3-8072-F6C62B433612}") = "locadoraVeiculosTeste.DataBase.SqlServer", "locadoraVeiculosTeste.DataBase.SqlServer\locadoraVeiculosTeste.DataBase.SqlServer.sqlproj", "{5CB631A7-51C5-4B0C-B76D-724763CA4446}"
EndProject
Project("{2150E333-8FDC-42A3-9474-1A3956D46DE8}") = "5.1- TestesIntegracao", "5.1- TestesIntegracao", "{62D6A5BA-F9C6-4A9E-ADF1-9DA3D191E8AB}"
EndProject
Project("{2150E333-8FDC-42A3-9474-1A3956D46DE8}") = "5.2- TestesUnitarios", "5.2- TestesUnitarios", "{E325A23F-A46B-478F-B0B9-ED1AE048B6C0}"
EndProject
Project("{9A19103F-16F7-4668-BE54-9A1E7A4F7556}") = "LocadoraVeiculos.Infra.Dominio.TestesUnitarios", "LocadoraVeiculos.Infra.Dominio.TestesUnitarios\LocadoraVeiculos.Infra.Dominio.TestesUnitarios.csproj", "{A49C6D26-207F-4186-A0FB-0DFA6A82A54D}"
EndProject
Project("{2150E333-8FDC-42A3-9474-1A3956D46DE8}") = "Banco de Dados", "Banco de Dados", "{94261DB7-59AF-449E-80B7-9CB22209F392}"
EndProject
Project("{2150E333-8FDC-42A3-9474-1A3956D46DE8}") = "Logs", "Logs", "{7BF1B753-6931-42EA-87AB-55DF84F2D624}"
EndProject
Project("{FAE04EC0-301F-11D3-BF4B-00C04F79EFBC}") = "LocadoraVeiculos.Infra.Logging", "LocadoraVeiculos.Infra.Logging\LocadoraVeiculos.Infra.Logging.csproj", "{0161C3C8-2AA2-410D-9CA2-B06743D58F10}"
EndProject
Global
	GlobalSection(SolutionConfigurationPlatforms) = preSolution
		Debug|Any CPU = Debug|Any CPU
		Release|Any CPU = Release|Any CPU
	EndGlobalSection
	GlobalSection(ProjectConfigurationPlatforms) = postSolution
		{80EB1B43-E4FC-4F9C-A67E-AB59A06BA4A0}.Debug|Any CPU.ActiveCfg = Debug|Any CPU
		{80EB1B43-E4FC-4F9C-A67E-AB59A06BA4A0}.Debug|Any CPU.Build.0 = Debug|Any CPU
		{80EB1B43-E4FC-4F9C-A67E-AB59A06BA4A0}.Release|Any CPU.ActiveCfg = Release|Any CPU
		{80EB1B43-E4FC-4F9C-A67E-AB59A06BA4A0}.Release|Any CPU.Build.0 = Release|Any CPU
		{107C183F-E754-4D2F-8E39-CC4E0124EAA8}.Debug|Any CPU.ActiveCfg = Debug|Any CPU
		{107C183F-E754-4D2F-8E39-CC4E0124EAA8}.Debug|Any CPU.Build.0 = Debug|Any CPU
		{107C183F-E754-4D2F-8E39-CC4E0124EAA8}.Release|Any CPU.ActiveCfg = Release|Any CPU
		{107C183F-E754-4D2F-8E39-CC4E0124EAA8}.Release|Any CPU.Build.0 = Release|Any CPU
		{7C27ECE8-A215-4DB5-80CF-94680BA93F19}.Debug|Any CPU.ActiveCfg = Debug|Any CPU
		{7C27ECE8-A215-4DB5-80CF-94680BA93F19}.Debug|Any CPU.Build.0 = Debug|Any CPU
		{7C27ECE8-A215-4DB5-80CF-94680BA93F19}.Release|Any CPU.ActiveCfg = Release|Any CPU
		{7C27ECE8-A215-4DB5-80CF-94680BA93F19}.Release|Any CPU.Build.0 = Release|Any CPU
		{AD1438CE-CF7D-413C-AE3A-EA8A24BBAF81}.Debug|Any CPU.ActiveCfg = Debug|Any CPU
		{AD1438CE-CF7D-413C-AE3A-EA8A24BBAF81}.Debug|Any CPU.Build.0 = Debug|Any CPU
		{AD1438CE-CF7D-413C-AE3A-EA8A24BBAF81}.Release|Any CPU.ActiveCfg = Release|Any CPU
		{AD1438CE-CF7D-413C-AE3A-EA8A24BBAF81}.Release|Any CPU.Build.0 = Release|Any CPU
		{5B67449E-63A3-4B35-BDEB-59257C4972AC}.Debug|Any CPU.ActiveCfg = Debug|Any CPU
		{5B67449E-63A3-4B35-BDEB-59257C4972AC}.Debug|Any CPU.Build.0 = Debug|Any CPU
		{5B67449E-63A3-4B35-BDEB-59257C4972AC}.Debug|Any CPU.Deploy.0 = Debug|Any CPU
		{5B67449E-63A3-4B35-BDEB-59257C4972AC}.Release|Any CPU.ActiveCfg = Release|Any CPU
		{5B67449E-63A3-4B35-BDEB-59257C4972AC}.Release|Any CPU.Build.0 = Release|Any CPU
		{5B67449E-63A3-4B35-BDEB-59257C4972AC}.Release|Any CPU.Deploy.0 = Release|Any CPU
		{528923B6-287C-43D9-BDC5-91C86CD0E133}.Debug|Any CPU.ActiveCfg = Debug|Any CPU
		{528923B6-287C-43D9-BDC5-91C86CD0E133}.Debug|Any CPU.Build.0 = Debug|Any CPU
		{528923B6-287C-43D9-BDC5-91C86CD0E133}.Release|Any CPU.ActiveCfg = Release|Any CPU
		{528923B6-287C-43D9-BDC5-91C86CD0E133}.Release|Any CPU.Build.0 = Release|Any CPU
		{5CB631A7-51C5-4B0C-B76D-724763CA4446}.Debug|Any CPU.ActiveCfg = Debug|Any CPU
		{5CB631A7-51C5-4B0C-B76D-724763CA4446}.Debug|Any CPU.Build.0 = Debug|Any CPU
		{5CB631A7-51C5-4B0C-B76D-724763CA4446}.Debug|Any CPU.Deploy.0 = Debug|Any CPU
		{5CB631A7-51C5-4B0C-B76D-724763CA4446}.Release|Any CPU.ActiveCfg = Release|Any CPU
		{5CB631A7-51C5-4B0C-B76D-724763CA4446}.Release|Any CPU.Build.0 = Release|Any CPU
		{5CB631A7-51C5-4B0C-B76D-724763CA4446}.Release|Any CPU.Deploy.0 = Release|Any CPU
		{A49C6D26-207F-4186-A0FB-0DFA6A82A54D}.Debug|Any CPU.ActiveCfg = Debug|Any CPU
		{A49C6D26-207F-4186-A0FB-0DFA6A82A54D}.Debug|Any CPU.Build.0 = Debug|Any CPU
		{A49C6D26-207F-4186-A0FB-0DFA6A82A54D}.Release|Any CPU.ActiveCfg = Release|Any CPU
		{A49C6D26-207F-4186-A0FB-0DFA6A82A54D}.Release|Any CPU.Build.0 = Release|Any CPU
		{0161C3C8-2AA2-410D-9CA2-B06743D58F10}.Debug|Any CPU.ActiveCfg = Debug|Any CPU
		{0161C3C8-2AA2-410D-9CA2-B06743D58F10}.Debug|Any CPU.Build.0 = Debug|Any CPU
		{0161C3C8-2AA2-410D-9CA2-B06743D58F10}.Release|Any CPU.ActiveCfg = Release|Any CPU
		{0161C3C8-2AA2-410D-9CA2-B06743D58F10}.Release|Any CPU.Build.0 = Release|Any CPU
	EndGlobalSection
	GlobalSection(SolutionProperties) = preSolution
		HideSolutionNode = FALSE
	EndGlobalSection
	GlobalSection(NestedProjects) = preSolution
		{80EB1B43-E4FC-4F9C-A67E-AB59A06BA4A0} = {B9101D9D-5F1B-4FEF-A211-C850FDA40C22}
		{107C183F-E754-4D2F-8E39-CC4E0124EAA8} = {94261DB7-59AF-449E-80B7-9CB22209F392}
		{7C27ECE8-A215-4DB5-80CF-94680BA93F19} = {62D6A5BA-F9C6-4A9E-ADF1-9DA3D191E8AB}
		{AD1438CE-CF7D-413C-AE3A-EA8A24BBAF81} = {C612071A-3BCA-4B0E-8662-3C86CCA7AD29}
		{5B67449E-63A3-4B35-BDEB-59257C4972AC} = {94261DB7-59AF-449E-80B7-9CB22209F392}
		{528923B6-287C-43D9-BDC5-91C86CD0E133} = {387240EA-B63F-4065-8EE1-8CC3A00B74E3}
		{5CB631A7-51C5-4B0C-B76D-724763CA4446} = {94261DB7-59AF-449E-80B7-9CB22209F392}
		{62D6A5BA-F9C6-4A9E-ADF1-9DA3D191E8AB} = {521912D6-9F53-4826-9051-91036A33F43A}
		{E325A23F-A46B-478F-B0B9-ED1AE048B6C0} = {521912D6-9F53-4826-9051-91036A33F43A}
		{A49C6D26-207F-4186-A0FB-0DFA6A82A54D} = {E325A23F-A46B-478F-B0B9-ED1AE048B6C0}
		{94261DB7-59AF-449E-80B7-9CB22209F392} = {72DEBEA7-2F47-41D7-BC9E-61D9FC9B8DBC}
		{7BF1B753-6931-42EA-87AB-55DF84F2D624} = {72DEBEA7-2F47-41D7-BC9E-61D9FC9B8DBC}
		{0161C3C8-2AA2-410D-9CA2-B06743D58F10} = {7BF1B753-6931-42EA-87AB-55DF84F2D624}
	EndGlobalSection
	GlobalSection(ExtensibilityGlobals) = postSolution
		SolutionGuid = {ED9A4A41-EB3C-44C6-B76B-61A5AAEBE41F}
	EndGlobalSection
EndGlobal
